
Microsoft Visual Studio Solution File, Format Version 12.00
# Visual Studio Version 18
VisualStudioVersion = 18.1.11312.151 d18.0
MinimumVisualStudioVersion = 10.0.40219.1
Project("{9A19103F-16F7-4668-BE54-9A1E7A4F7556}") = "ServicePulse.Host", "ServicePulse.Host\ServicePulse.Host.csproj", "{D120B791-BD1B-4E06-B4E1-69801A73209B}"
EndProject
Project("{9A19103F-16F7-4668-BE54-9A1E7A4F7556}") = "ServicePulse.Install.CustomActions", "ServicePulse.Install.CustomActions\ServicePulse.Install.CustomActions.csproj", "{7E47B904-EF48-4F26-AAB5-BE435BCDC696}"
EndProject
Project("{9A19103F-16F7-4668-BE54-9A1E7A4F7556}") = "Setup", "Setup\Setup.csproj", "{FA2792B9-B82D-4936-871E-16812FA60D13}"
EndProject
Project("{2150E333-8FDC-42A3-9474-1A3956D46DE8}") = "installer", "installer", "{CBD21A52-A2D6-45FF-B921-A0743CFB13F7}"
EndProject
Project("{9A19103F-16F7-4668-BE54-9A1E7A4F7556}") = "ServicePulse.Host.Tests", "ServicePulse.Host.Tests\ServicePulse.Host.Tests.csproj", "{113A09CC-9665-4E87-9FC7-7E5C8C0AFE71}"
EndProject
Project("{2150E333-8FDC-42A3-9474-1A3956D46DE8}") = "SmokeTesting", "SmokeTesting", "{E4018B8E-ED2B-464C-B9A7-70BD97448D4B}"
EndProject
Project("{9A19103F-16F7-4668-BE54-9A1E7A4F7556}") = "SmokeTest.Client", "SmokeTest.Client\SmokeTest.Client.csproj", "{A9B109A2-71C7-40C5-B1F4-D637D3808796}"
EndProject
Project("{9A19103F-16F7-4668-BE54-9A1E7A4F7556}") = "SmokeTest.Server", "SmokeTest.Server\SmokeTest.Server.csproj", "{CBC386E8-36FB-4427-A212-88F75C65A6A9}"
EndProject
Project("{9A19103F-16F7-4668-BE54-9A1E7A4F7556}") = "SmokeTest.3rdParty", "SmokeTest.3rdParty\SmokeTest.3rdParty.csproj", "{267DA5B2-2F82-4F26-A8B3-E164B226FA98}"
EndProject
Project("{9A19103F-16F7-4668-BE54-9A1E7A4F7556}") = "SmokeTest.Shared", "SmokeTest.Shared\SmokeTest.Shared.csproj", "{122AD54A-B249-41C7-858F-CB75E7C0F463}"
EndProject
Project("{9A19103F-16F7-4668-BE54-9A1E7A4F7556}") = "SmokeTest.SignalrClient", "SmokeTest.SignalrClient\SmokeTest.SignalrClient.csproj", "{C23C4E96-744E-49F6-A4AB-9324E43A166A}"
EndProject
Project("{9A19103F-16F7-4668-BE54-9A1E7A4F7556}") = "SmokeTest.ClientNoHeartbeat", "SmokeTest.ClientNoHeartbeat\SmokeTest.ClientNoHeartbeat.csproj", "{02E77C87-7BA9-4142-A87A-928D419ABE91}"
EndProject
Project("{9A19103F-16F7-4668-BE54-9A1E7A4F7556}") = "Particular.PlatformSample.ServicePulse", "Particular.PlatformSample.ServicePulse\Particular.PlatformSample.ServicePulse.csproj", "{67FD72C8-A459-4235-AD10-3DF5B68A3172}"
EndProject
Project("{2150E333-8FDC-42A3-9474-1A3956D46DE8}") = "Solution Items", "Solution Items", "{8A8684CA-DF74-43CD-ADD1-507AB0D2A8D5}"
	ProjectSection(SolutionItems) = preProject
		Custom.Build.props = Custom.Build.props
	EndProjectSection
EndProject
Project("{FAE04EC0-301F-11D3-BF4B-00C04F79EFBC}") = "ServicePulse", "ServicePulse\ServicePulse.csproj", "{084808CF-4B93-4097-BFA1-2604AA7B4594}"
EndProject
Project("{FAE04EC0-301F-11D3-BF4B-00C04F79EFBC}") = "ServicePulse.Core", "ServicePulse.Core\ServicePulse.Core.csproj", "{51B99A95-FD20-4B5F-A460-0A1D589BE9F9}"
EndProject
Global
	GlobalSection(SolutionConfigurationPlatforms) = preSolution
		Debug|Any CPU = Debug|Any CPU
		Release|Any CPU = Release|Any CPU
	EndGlobalSection
	GlobalSection(ProjectConfigurationPlatforms) = postSolution
		{D120B791-BD1B-4E06-B4E1-69801A73209B}.Debug|Any CPU.ActiveCfg = Debug|Any CPU
		{D120B791-BD1B-4E06-B4E1-69801A73209B}.Debug|Any CPU.Build.0 = Debug|Any CPU
		{D120B791-BD1B-4E06-B4E1-69801A73209B}.Release|Any CPU.ActiveCfg = Release|Any CPU
		{D120B791-BD1B-4E06-B4E1-69801A73209B}.Release|Any CPU.Build.0 = Release|Any CPU
		{7E47B904-EF48-4F26-AAB5-BE435BCDC696}.Debug|Any CPU.ActiveCfg = Debug|Any CPU
		{7E47B904-EF48-4F26-AAB5-BE435BCDC696}.Debug|Any CPU.Build.0 = Debug|Any CPU
		{7E47B904-EF48-4F26-AAB5-BE435BCDC696}.Release|Any CPU.ActiveCfg = Release|Any CPU
		{7E47B904-EF48-4F26-AAB5-BE435BCDC696}.Release|Any CPU.Build.0 = Release|Any CPU
		{FA2792B9-B82D-4936-871E-16812FA60D13}.Debug|Any CPU.ActiveCfg = Debug|Any CPU
		{FA2792B9-B82D-4936-871E-16812FA60D13}.Release|Any CPU.ActiveCfg = Release|Any CPU
		{113A09CC-9665-4E87-9FC7-7E5C8C0AFE71}.Debug|Any CPU.ActiveCfg = Debug|Any CPU
		{113A09CC-9665-4E87-9FC7-7E5C8C0AFE71}.Debug|Any CPU.Build.0 = Debug|Any CPU
		{113A09CC-9665-4E87-9FC7-7E5C8C0AFE71}.Release|Any CPU.ActiveCfg = Release|Any CPU
		{113A09CC-9665-4E87-9FC7-7E5C8C0AFE71}.Release|Any CPU.Build.0 = Release|Any CPU
		{A9B109A2-71C7-40C5-B1F4-D637D3808796}.Debug|Any CPU.ActiveCfg = Debug|Any CPU
		{A9B109A2-71C7-40C5-B1F4-D637D3808796}.Debug|Any CPU.Build.0 = Debug|Any CPU
		{A9B109A2-71C7-40C5-B1F4-D637D3808796}.Release|Any CPU.ActiveCfg = Release|Any CPU
		{A9B109A2-71C7-40C5-B1F4-D637D3808796}.Release|Any CPU.Build.0 = Release|Any CPU
		{CBC386E8-36FB-4427-A212-88F75C65A6A9}.Debug|Any CPU.ActiveCfg = Debug|Any CPU
		{CBC386E8-36FB-4427-A212-88F75C65A6A9}.Debug|Any CPU.Build.0 = Debug|Any CPU
		{CBC386E8-36FB-4427-A212-88F75C65A6A9}.Release|Any CPU.ActiveCfg = Release|Any CPU
		{CBC386E8-36FB-4427-A212-88F75C65A6A9}.Release|Any CPU.Build.0 = Release|Any CPU
		{267DA5B2-2F82-4F26-A8B3-E164B226FA98}.Debug|Any CPU.ActiveCfg = Debug|Any CPU
		{267DA5B2-2F82-4F26-A8B3-E164B226FA98}.Debug|Any CPU.Build.0 = Debug|Any CPU
		{267DA5B2-2F82-4F26-A8B3-E164B226FA98}.Release|Any CPU.ActiveCfg = Release|Any CPU
		{267DA5B2-2F82-4F26-A8B3-E164B226FA98}.Release|Any CPU.Build.0 = Release|Any CPU
		{122AD54A-B249-41C7-858F-CB75E7C0F463}.Debug|Any CPU.ActiveCfg = Debug|Any CPU
		{122AD54A-B249-41C7-858F-CB75E7C0F463}.Debug|Any CPU.Build.0 = Debug|Any CPU
		{122AD54A-B249-41C7-858F-CB75E7C0F463}.Release|Any CPU.ActiveCfg = Release|Any CPU
		{122AD54A-B249-41C7-858F-CB75E7C0F463}.Release|Any CPU.Build.0 = Release|Any CPU
		{C23C4E96-744E-49F6-A4AB-9324E43A166A}.Debug|Any CPU.ActiveCfg = Debug|Any CPU
		{C23C4E96-744E-49F6-A4AB-9324E43A166A}.Debug|Any CPU.Build.0 = Debug|Any CPU
		{C23C4E96-744E-49F6-A4AB-9324E43A166A}.Release|Any CPU.ActiveCfg = Release|Any CPU
		{C23C4E96-744E-49F6-A4AB-9324E43A166A}.Release|Any CPU.Build.0 = Release|Any CPU
		{02E77C87-7BA9-4142-A87A-928D419ABE91}.Debug|Any CPU.ActiveCfg = Debug|Any CPU
		{02E77C87-7BA9-4142-A87A-928D419ABE91}.Debug|Any CPU.Build.0 = Debug|Any CPU
		{02E77C87-7BA9-4142-A87A-928D419ABE91}.Release|Any CPU.ActiveCfg = Release|Any CPU
		{02E77C87-7BA9-4142-A87A-928D419ABE91}.Release|Any CPU.Build.0 = Release|Any CPU
		{67FD72C8-A459-4235-AD10-3DF5B68A3172}.Debug|Any CPU.ActiveCfg = Debug|Any CPU
		{67FD72C8-A459-4235-AD10-3DF5B68A3172}.Debug|Any CPU.Build.0 = Debug|Any CPU
		{67FD72C8-A459-4235-AD10-3DF5B68A3172}.Release|Any CPU.ActiveCfg = Release|Any CPU
		{67FD72C8-A459-4235-AD10-3DF5B68A3172}.Release|Any CPU.Build.0 = Release|Any CPU
		{084808CF-4B93-4097-BFA1-2604AA7B4594}.Debug|Any CPU.ActiveCfg = Debug|Any CPU
		{084808CF-4B93-4097-BFA1-2604AA7B4594}.Debug|Any CPU.Build.0 = Debug|Any CPU
		{084808CF-4B93-4097-BFA1-2604AA7B4594}.Release|Any CPU.ActiveCfg = Release|Any CPU
		{084808CF-4B93-4097-BFA1-2604AA7B4594}.Release|Any CPU.Build.0 = Release|Any CPU
		{51B99A95-FD20-4B5F-A460-0A1D589BE9F9}.Debug|Any CPU.ActiveCfg = Debug|Any CPU
		{51B99A95-FD20-4B5F-A460-0A1D589BE9F9}.Debug|Any CPU.Build.0 = Debug|Any CPU
		{51B99A95-FD20-4B5F-A460-0A1D589BE9F9}.Release|Any CPU.ActiveCfg = Release|Any CPU
		{51B99A95-FD20-4B5F-A460-0A1D589BE9F9}.Release|Any CPU.Build.0 = Release|Any CPU
	EndGlobalSection
	GlobalSection(SolutionProperties) = preSolution
		HideSolutionNode = FALSE
	EndGlobalSection
	GlobalSection(NestedProjects) = preSolution
		{7E47B904-EF48-4F26-AAB5-BE435BCDC696} = {CBD21A52-A2D6-45FF-B921-A0743CFB13F7}
		{FA2792B9-B82D-4936-871E-16812FA60D13} = {CBD21A52-A2D6-45FF-B921-A0743CFB13F7}
		{A9B109A2-71C7-40C5-B1F4-D637D3808796} = {E4018B8E-ED2B-464C-B9A7-70BD97448D4B}
		{CBC386E8-36FB-4427-A212-88F75C65A6A9} = {E4018B8E-ED2B-464C-B9A7-70BD97448D4B}
		{267DA5B2-2F82-4F26-A8B3-E164B226FA98} = {E4018B8E-ED2B-464C-B9A7-70BD97448D4B}
		{122AD54A-B249-41C7-858F-CB75E7C0F463} = {E4018B8E-ED2B-464C-B9A7-70BD97448D4B}
		{C23C4E96-744E-49F6-A4AB-9324E43A166A} = {E4018B8E-ED2B-464C-B9A7-70BD97448D4B}
		{02E77C87-7BA9-4142-A87A-928D419ABE91} = {E4018B8E-ED2B-464C-B9A7-70BD97448D4B}
	EndGlobalSection
	GlobalSection(ExtensibilityGlobals) = postSolution
		SolutionGuid = {4947D2DF-3120-4B1C-BA22-26B4BBC1592C}
	EndGlobalSection
EndGlobal
